// !$*UTF8*$!
{
	archiveVersion = 1;
	classes = {
	};
	objectVersion = 60;
	objects = {

/* Begin PBXBuildFile section */
		E937A1322E1203EF00E3FCB5 /* ThemeSelectorSheet.swift in Sources */ = {isa = PBXBuildFile; fileRef = E937A1312E1203EF00E3FCB5 /* ThemeSelectorSheet.swift */; };
		E93A8F5C2E13474A00873483 /* GeminiService.swift in Sources */ = {isa = PBXBuildFile; fileRef = E93A8F5B2E13474A00873483 /* GeminiService.swift */; };
		E93A8F5F2E1352DB00873483 /* AISuggestionsView.swift in Sources */ = {isa = PBXBuildFile; fileRef = E93A8F5D2E1352DB00873483 /* AISuggestionsView.swift */; };
		E93A8F602E1352DB00873483 /* AIProblemSuggestionCard.swift in Sources */ = {isa = PBXBuildFile; fileRef = E93A8F5E2E1352DB00873483 /* AIProblemSuggestionCard.swift */; };
		E953DE4C2E115DA400CA247C /* krypticGrindApp.swift in Sources */ = {isa = PBXBuildFile; fileRef = E953DE4B2E115DA400CA247C /* krypticGrindApp.swift */; };
		E953DE4E2E115DA400CA247C /* ContentView.swift in Sources */ = {isa = PBXBuildFile; fileRef = E953DE4D2E115DA400CA247C /* ContentView.swift */; };
		E953DE502E115DA900CA247C /* Assets.xcassets in Resources */ = {isa = PBXBuildFile; fileRef = E953DE4F2E115DA900CA247C /* Assets.xcassets */; };
		E953DE542E115DA900CA247C /* Preview Assets.xcassets in Resources */ = {isa = PBXBuildFile; fileRef = E953DE532E115DA900CA247C /* Preview Assets.xcassets */; };
		E953DE692E1160AD00CA247C /* Extensions.swift in Sources */ = {isa = PBXBuildFile; fileRef = E953DE5B2E1160AD00CA247C /* Extensions.swift */; };
		E953DE6A2E1160AD00CA247C /* HandleInputSheet.swift in Sources */ = {isa = PBXBuildFile; fileRef = E953DE5D2E1160AD00CA247C /* HandleInputSheet.swift */; };
		E953DE6B2E1160AD00CA247C /* ContestListView.swift in Sources */ = {isa = PBXBuildFile; fileRef = E953DE5E2E1160AD00CA247C /* ContestListView.swift */; };
		E953DE6C2E1160AD00CA247C /* PracticeTrackerView.swift in Sources */ = {isa = PBXBuildFile; fileRef = E953DE5F2E1160AD00CA247C /* PracticeTrackerView.swift */; };
		E953DE6D2E1160AD00CA247C /* HomeView.swift in Sources */ = {isa = PBXBuildFile; fileRef = E953DE602E1160AD00CA247C /* HomeView.swift */; };
		E953DE6E2E1160AD00CA247C /* SubmissionsView.swift in Sources */ = {isa = PBXBuildFile; fileRef = E953DE612E1160AD00CA247C /* SubmissionsView.swift */; };
		E953DE6F2E1160AD00CA247C /* RatingChartView.swift in Sources */ = {isa = PBXBuildFile; fileRef = E953DE622E1160AD00CA247C /* RatingChartView.swift */; };
		E953DE702E1160AD00CA247C /* CFService.swift in Sources */ = {isa = PBXBuildFile; fileRef = E953DE642E1160AD00CA247C /* CFService.swift */; };
		E953DE712E1160AD00CA247C /* Submission.swift in Sources */ = {isa = PBXBuildFile; fileRef = E953DE662E1160AD00CA247C /* Submission.swift */; };
		E953DE722E1160AD00CA247C /* Contest.swift in Sources */ = {isa = PBXBuildFile; fileRef = E953DE672E1160AD00CA247C /* Contest.swift */; };
		E953DE732E1160AD00CA247C /* CFUser.swift in Sources */ = {isa = PBXBuildFile; fileRef = E953DE682E1160AD00CA247C /* CFUser.swift */; };
		E97245AE2E135F6100AE9379 /* NotificationManager.swift in Sources */ = {isa = PBXBuildFile; fileRef = E97245AC2E135F6100AE9379 /* NotificationManager.swift */; };
		E97245B82E1373CB00AE9379 /* WidgetKit.framework in Frameworks */ = {isa = PBXBuildFile; fileRef = E97245B72E1373CB00AE9379 /* WidgetKit.framework */; };
		E97245BA2E1373CB00AE9379 /* SwiftUI.framework in Frameworks */ = {isa = PBXBuildFile; fileRef = E97245B92E1373CB00AE9379 /* SwiftUI.framework */; };
		E97245BD2E1373CB00AE9379 /* ContestLiveActivityWidgetBundle.swift in Sources */ = {isa = PBXBuildFile; fileRef = E97245BC2E1373CB00AE9379 /* ContestLiveActivityWidgetBundle.swift */; };
		E97245BF2E1373CC00AE9379 /* ContestLiveActivityWidgetLiveActivity.swift in Sources */ = {isa = PBXBuildFile; fileRef = E97245BE2E1373CC00AE9379 /* ContestLiveActivityWidgetLiveActivity.swift */; };
		E97245C32E1373CC00AE9379 /* AppIntent.swift in Sources */ = {isa = PBXBuildFile; fileRef = E97245C22E1373CC00AE9379 /* AppIntent.swift */; };
		E97245C52E1373D000AE9379 /* Assets.xcassets in Resources */ = {isa = PBXBuildFile; fileRef = E97245C42E1373D000AE9379 /* Assets.xcassets */; };
		E97245C92E1373D000AE9379 /* ContestLiveActivityWidgetExtension.appex in Embed Foundation Extensions */ = {isa = PBXBuildFile; fileRef = E97245B52E1373CB00AE9379 /* ContestLiveActivityWidgetExtension.appex */; settings = {ATTRIBUTES = (RemoveHeadersOnCopy, ); }; };
		E9BE03B12E13905B00FF868F /* LiveActivityAttributes.swift in Sources */ = {isa = PBXBuildFile; fileRef = E97245D02E1373E000AE9379 /* LiveActivityAttributes.swift */; };
		E9BE03B22E13905C00FF868F /* LiveActivityAttributes.swift in Sources */ = {isa = PBXBuildFile; fileRef = E97245D02E1373E000AE9379 /* LiveActivityAttributes.swift */; };
		E9BE03B52E13BADF00FF868F /* LeaderboardManager.swift in Sources */ = {isa = PBXBuildFile; fileRef = E9BE03B32E13BADF00FF868F /* LeaderboardManager.swift */; };
		E9BE03B62E13BADF00FF868F /* ProblemNote.swift in Sources */ = {isa = PBXBuildFile; fileRef = E9BE03B42E13BADF00FF868F /* ProblemNote.swift */; };
		E9BE03B82E13BC1900FF868F /* LeaderboardView.swift in Sources */ = {isa = PBXBuildFile; fileRef = E9BE03B72E13BC1900FF868F /* LeaderboardView.swift */; };
		E9BE03BA2E13BCDF00FF868F /* ReviewLaterView.swift in Sources */ = {isa = PBXBuildFile; fileRef = E9BE03B92E13BCDF00FF868F /* ReviewLaterView.swift */; };
/* End PBXBuildFile section */

/* Begin PBXContainerItemProxy section */
		E97245C72E1373D000AE9379 /* PBXContainerItemProxy */ = {
			isa = PBXContainerItemProxy;
			containerPortal = E953DE402E115DA400CA247C /* Project object */;
			proxyType = 1;
			remoteGlobalIDString = E97245B42E1373CB00AE9379;
			remoteInfo = ContestLiveActivityWidgetExtension;
		};
/* End PBXContainerItemProxy section */

/* Begin PBXCopyFilesBuildPhase section */
		E97245CD2E1373D000AE9379 /* Embed Foundation Extensions */ = {
			isa = PBXCopyFilesBuildPhase;
			buildActionMask = 2147483647;
			dstPath = "";
			dstSubfolderSpec = 13;
			files = (
				E97245C92E1373D000AE9379 /* ContestLiveActivityWidgetExtension.appex in Embed Foundation Extensions */,
			);
			name = "Embed Foundation Extensions";
			runOnlyForDeploymentPostprocessing = 0;
		};
/* End PBXCopyFilesBuildPhase section */

/* Begin PBXFileReference section */
		E937A1312E1203EF00E3FCB5 /* ThemeSelectorSheet.swift */ = {isa = PBXFileReference; fileEncoding = 4; lastKnownFileType = sourcecode.swift; path = ThemeSelectorSheet.swift; sourceTree = "<group>"; };
		E93A8F5B2E13474A00873483 /* GeminiService.swift */ = {isa = PBXFileReference; fileEncoding = 4; lastKnownFileType = sourcecode.swift; path = GeminiService.swift; sourceTree = "<group>"; };
		E93A8F5D2E1352DB00873483 /* AISuggestionsView.swift */ = {isa = PBXFileReference; fileEncoding = 4; lastKnownFileType = sourcecode.swift; path = AISuggestionsView.swift; sourceTree = "<group>"; };
		E93A8F5E2E1352DB00873483 /* AIProblemSuggestionCard.swift */ = {isa = PBXFileReference; fileEncoding = 4; lastKnownFileType = sourcecode.swift; path = AIProblemSuggestionCard.swift; sourceTree = "<group>"; };
		E953DE482E115DA400CA247C /* krypticGrind.app */ = {isa = PBXFileReference; explicitFileType = wrapper.application; includeInIndex = 0; path = krypticGrind.app; sourceTree = BUILT_PRODUCTS_DIR; };
		E953DE4B2E115DA400CA247C /* krypticGrindApp.swift */ = {isa = PBXFileReference; lastKnownFileType = sourcecode.swift; path = krypticGrindApp.swift; sourceTree = "<group>"; };
		E953DE4D2E115DA400CA247C /* ContentView.swift */ = {isa = PBXFileReference; lastKnownFileType = sourcecode.swift; path = ContentView.swift; sourceTree = "<group>"; };
		E953DE4F2E115DA900CA247C /* Assets.xcassets */ = {isa = PBXFileReference; lastKnownFileType = folder.assetcatalog; path = Assets.xcassets; sourceTree = "<group>"; };
		E953DE512E115DA900CA247C /* krypticGrind.entitlements */ = {isa = PBXFileReference; lastKnownFileType = text.plist.entitlements; path = krypticGrind.entitlements; sourceTree = "<group>"; };
		E953DE532E115DA900CA247C /* Preview Assets.xcassets */ = {isa = PBXFileReference; lastKnownFileType = folder.assetcatalog; path = "Preview Assets.xcassets"; sourceTree = "<group>"; };
		E953DE5B2E1160AD00CA247C /* Extensions.swift */ = {isa = PBXFileReference; fileEncoding = 4; lastKnownFileType = sourcecode.swift; path = Extensions.swift; sourceTree = "<group>"; };
		E953DE5D2E1160AD00CA247C /* HandleInputSheet.swift */ = {isa = PBXFileReference; fileEncoding = 4; lastKnownFileType = sourcecode.swift; path = HandleInputSheet.swift; sourceTree = "<group>"; };
		E953DE5E2E1160AD00CA247C /* ContestListView.swift */ = {isa = PBXFileReference; fileEncoding = 4; lastKnownFileType = sourcecode.swift; path = ContestListView.swift; sourceTree = "<group>"; };
		E953DE5F2E1160AD00CA247C /* PracticeTrackerView.swift */ = {isa = PBXFileReference; fileEncoding = 4; lastKnownFileType = sourcecode.swift; path = PracticeTrackerView.swift; sourceTree = "<group>"; };
		E953DE602E1160AD00CA247C /* HomeView.swift */ = {isa = PBXFileReference; fileEncoding = 4; lastKnownFileType = sourcecode.swift; path = HomeView.swift; sourceTree = "<group>"; };
		E953DE612E1160AD00CA247C /* SubmissionsView.swift */ = {isa = PBXFileReference; fileEncoding = 4; lastKnownFileType = sourcecode.swift; path = SubmissionsView.swift; sourceTree = "<group>"; };
		E953DE622E1160AD00CA247C /* RatingChartView.swift */ = {isa = PBXFileReference; fileEncoding = 4; lastKnownFileType = sourcecode.swift; path = RatingChartView.swift; sourceTree = "<group>"; };
		E953DE642E1160AD00CA247C /* CFService.swift */ = {isa = PBXFileReference; fileEncoding = 4; lastKnownFileType = sourcecode.swift; path = CFService.swift; sourceTree = "<group>"; };
		E953DE662E1160AD00CA247C /* Submission.swift */ = {isa = PBXFileReference; fileEncoding = 4; lastKnownFileType = sourcecode.swift; path = Submission.swift; sourceTree = "<group>"; };
		E953DE672E1160AD00CA247C /* Contest.swift */ = {isa = PBXFileReference; fileEncoding = 4; lastKnownFileType = sourcecode.swift; path = Contest.swift; sourceTree = "<group>"; };
		E953DE682E1160AD00CA247C /* CFUser.swift */ = {isa = PBXFileReference; fileEncoding = 4; lastKnownFileType = sourcecode.swift; path = CFUser.swift; sourceTree = "<group>"; };
		E97245AC2E135F6100AE9379 /* NotificationManager.swift */ = {isa = PBXFileReference; fileEncoding = 4; lastKnownFileType = sourcecode.swift; path = NotificationManager.swift; sourceTree = "<group>"; };
		E97245B02E13700900AE9379 /* Info.plist */ = {isa = PBXFileReference; lastKnownFileType = text.plist; path = Info.plist; sourceTree = "<group>"; };
		E97245B52E1373CB00AE9379 /* ContestLiveActivityWidgetExtension.appex */ = {isa = PBXFileReference; explicitFileType = "wrapper.app-extension"; includeInIndex = 0; path = ContestLiveActivityWidgetExtension.appex; sourceTree = BUILT_PRODUCTS_DIR; };
		E97245B72E1373CB00AE9379 /* WidgetKit.framework */ = {isa = PBXFileReference; lastKnownFileType = wrapper.framework; name = WidgetKit.framework; path = System/Library/Frameworks/WidgetKit.framework; sourceTree = SDKROOT; };
		E97245B92E1373CB00AE9379 /* SwiftUI.framework */ = {isa = PBXFileReference; lastKnownFileType = wrapper.framework; name = SwiftUI.framework; path = System/Library/Frameworks/SwiftUI.framework; sourceTree = SDKROOT; };
		E97245BC2E1373CB00AE9379 /* ContestLiveActivityWidgetBundle.swift */ = {isa = PBXFileReference; lastKnownFileType = sourcecode.swift; path = ContestLiveActivityWidgetBundle.swift; sourceTree = "<group>"; };
		E97245BE2E1373CC00AE9379 /* ContestLiveActivityWidgetLiveActivity.swift */ = {isa = PBXFileReference; lastKnownFileType = sourcecode.swift; path = ContestLiveActivityWidgetLiveActivity.swift; sourceTree = "<group>"; };
		E97245C22E1373CC00AE9379 /* AppIntent.swift */ = {isa = PBXFileReference; lastKnownFileType = sourcecode.swift; path = AppIntent.swift; sourceTree = "<group>"; };
		E97245C42E1373D000AE9379 /* Assets.xcassets */ = {isa = PBXFileReference; lastKnownFileType = folder.assetcatalog; path = Assets.xcassets; sourceTree = "<group>"; };
		E97245C62E1373D000AE9379 /* Info.plist */ = {isa = PBXFileReference; lastKnownFileType = text.plist.xml; path = Info.plist; sourceTree = "<group>"; };
		E97245D02E1373E000AE9379 /* LiveActivityAttributes.swift */ = {isa = PBXFileReference; fileEncoding = 4; lastKnownFileType = sourcecode.swift; path = LiveActivityAttributes.swift; sourceTree = "<group>"; };
		E9BE03B32E13BADF00FF868F /* LeaderboardManager.swift */ = {isa = PBXFileReference; fileEncoding = 4; lastKnownFileType = sourcecode.swift; path = LeaderboardManager.swift; sourceTree = "<group>"; };
		E9BE03B42E13BADF00FF868F /* ProblemNote.swift */ = {isa = PBXFileReference; fileEncoding = 4; lastKnownFileType = sourcecode.swift; path = ProblemNote.swift; sourceTree = "<group>"; };
		E9BE03B72E13BC1900FF868F /* LeaderboardView.swift */ = {isa = PBXFileReference; fileEncoding = 4; lastKnownFileType = sourcecode.swift; path = LeaderboardView.swift; sourceTree = "<group>"; };
		E9BE03B92E13BCDF00FF868F /* ReviewLaterView.swift */ = {isa = PBXFileReference; fileEncoding = 4; lastKnownFileType = sourcecode.swift; path = ReviewLaterView.swift; sourceTree = "<group>"; };
/* End PBXFileReference section */

/* Begin PBXFrameworksBuildPhase section */
		E953DE452E115DA400CA247C /* Frameworks */ = {
			isa = PBXFrameworksBuildPhase;
			buildActionMask = 2147483647;
			files = (
			);
			runOnlyForDeploymentPostprocessing = 0;
		};
		E97245B22E1373CB00AE9379 /* Frameworks */ = {
			isa = PBXFrameworksBuildPhase;
			buildActionMask = 2147483647;
			files = (
				E97245BA2E1373CB00AE9379 /* SwiftUI.framework in Frameworks */,
				E97245B82E1373CB00AE9379 /* WidgetKit.framework in Frameworks */,
			);
			runOnlyForDeploymentPostprocessing = 0;
		};
/* End PBXFrameworksBuildPhase section */

/* Begin PBXGroup section */
		E953DE3F2E115DA400CA247C = {
			isa = PBXGroup;
			children = (
				E953DE4A2E115DA400CA247C /* krypticGrind */,
				E97245BB2E1373CB00AE9379 /* ContestLiveActivityWidget */,
				E97245B62E1373CB00AE9379 /* Frameworks */,
				E953DE492E115DA400CA247C /* Products */,
			);
			sourceTree = "<group>";
		};
		E953DE492E115DA400CA247C /* Products */ = {
			isa = PBXGroup;
			children = (
				E953DE482E115DA400CA247C /* krypticGrind.app */,
				E97245B52E1373CB00AE9379 /* ContestLiveActivityWidgetExtension.appex */,
			);
			name = Products;
			sourceTree = "<group>";
		};
		E953DE4A2E115DA400CA247C /* krypticGrind */ = {
			isa = PBXGroup;
			children = (
				E97245B02E13700900AE9379 /* Info.plist */,
				E953DE652E1160AD00CA247C /* Models */,
				E953DE632E1160AD00CA247C /* Services */,
				E953DE5A2E1160AD00CA247C /* Utils */,
				E953DE5C2E1160AD00CA247C /* Views */,
				E953DE4B2E115DA400CA247C /* krypticGrindApp.swift */,
				E953DE4D2E115DA400CA247C /* ContentView.swift */,
				E953DE4F2E115DA900CA247C /* Assets.xcassets */,
				E953DE512E115DA900CA247C /* krypticGrind.entitlements */,
				E953DE522E115DA900CA247C /* Preview Content */,
			);
			path = krypticGrind;
			sourceTree = "<group>";
		};
		E953DE522E115DA900CA247C /* Preview Content */ = {
			isa = PBXGroup;
			children = (
				E953DE532E115DA900CA247C /* Preview Assets.xcassets */,
			);
			path = "Preview Content";
			sourceTree = "<group>";
		};
		E953DE5A2E1160AD00CA247C /* Utils */ = {
			isa = PBXGroup;
			children = (
				E97245AC2E135F6100AE9379 /* NotificationManager.swift */,
				E953DE5B2E1160AD00CA247C /* Extensions.swift */,
			);
			path = Utils;
			sourceTree = "<group>";
		};
		E953DE5C2E1160AD00CA247C /* Views */ = {
			isa = PBXGroup;
			children = (
				E9BE03B92E13BCDF00FF868F /* ReviewLaterView.swift */,
				E9BE03B72E13BC1900FF868F /* LeaderboardView.swift */,
				E93A8F5E2E1352DB00873483 /* AIProblemSuggestionCard.swift */,
				E93A8F5D2E1352DB00873483 /* AISuggestionsView.swift */,
				E937A1312E1203EF00E3FCB5 /* ThemeSelectorSheet.swift */,
				E953DE5D2E1160AD00CA247C /* HandleInputSheet.swift */,
				E953DE5E2E1160AD00CA247C /* ContestListView.swift */,
				E953DE5F2E1160AD00CA247C /* PracticeTrackerView.swift */,
				E953DE602E1160AD00CA247C /* HomeView.swift */,
				E953DE612E1160AD00CA247C /* SubmissionsView.swift */,
				E953DE622E1160AD00CA247C /* RatingChartView.swift */,
			);
			path = Views;
			sourceTree = "<group>";
		};
		E953DE632E1160AD00CA247C /* Services */ = {
			isa = PBXGroup;
			children = (
				E93A8F5B2E13474A00873483 /* GeminiService.swift */,
				E953DE642E1160AD00CA247C /* CFService.swift */,
			);
			path = Services;
			sourceTree = "<group>";
		};
		E953DE652E1160AD00CA247C /* Models */ = {
			isa = PBXGroup;
			children = (
				E9BE03B32E13BADF00FF868F /* LeaderboardManager.swift */,
				E9BE03B42E13BADF00FF868F /* ProblemNote.swift */,
				E953DE662E1160AD00CA247C /* Submission.swift */,
				E953DE672E1160AD00CA247C /* Contest.swift */,
				E953DE682E1160AD00CA247C /* CFUser.swift */,
				E97245D02E1373E000AE9379 /* LiveActivityAttributes.swift */,
			);
			path = Models;
			sourceTree = "<group>";
		};
		E97245B62E1373CB00AE9379 /* Frameworks */ = {
			isa = PBXGroup;
			children = (
				E97245B72E1373CB00AE9379 /* WidgetKit.framework */,
				E97245B92E1373CB00AE9379 /* SwiftUI.framework */,
			);
			name = Frameworks;
			sourceTree = "<group>";
		};
		E97245BB2E1373CB00AE9379 /* ContestLiveActivityWidget */ = {
			isa = PBXGroup;
			children = (
				E97245BC2E1373CB00AE9379 /* ContestLiveActivityWidgetBundle.swift */,
				E97245BE2E1373CC00AE9379 /* ContestLiveActivityWidgetLiveActivity.swift */,
				E97245C22E1373CC00AE9379 /* AppIntent.swift */,
				E97245C42E1373D000AE9379 /* Assets.xcassets */,
				E97245C62E1373D000AE9379 /* Info.plist */,
			);
			path = ContestLiveActivityWidget;
			sourceTree = "<group>";
		};
/* End PBXGroup section */

/* Begin PBXNativeTarget section */
		E953DE472E115DA400CA247C /* krypticGrind */ = {
			isa = PBXNativeTarget;
			buildConfigurationList = E953DE572E115DA900CA247C /* Build configuration list for PBXNativeTarget "krypticGrind" */;
			buildPhases = (
				E953DE442E115DA400CA247C /* Sources */,
				E953DE452E115DA400CA247C /* Frameworks */,
				E953DE462E115DA400CA247C /* Resources */,
				E97245CD2E1373D000AE9379 /* Embed Foundation Extensions */,
			);
			buildRules = (
			);
			dependencies = (
				E97245C82E1373D000AE9379 /* PBXTargetDependency */,
			);
			name = krypticGrind;
			productName = krypticGrind;
			productReference = E953DE482E115DA400CA247C /* krypticGrind.app */;
			productType = "com.apple.product-type.application";
		};
		E97245B42E1373CB00AE9379 /* ContestLiveActivityWidgetExtension */ = {
			isa = PBXNativeTarget;
			buildConfigurationList = E97245CA2E1373D000AE9379 /* Build configuration list for PBXNativeTarget "ContestLiveActivityWidgetExtension" */;
			buildPhases = (
				E97245B12E1373CB00AE9379 /* Sources */,
				E97245B22E1373CB00AE9379 /* Frameworks */,
				E97245B32E1373CB00AE9379 /* Resources */,
			);
			buildRules = (
			);
			dependencies = (
			);
			name = ContestLiveActivityWidgetExtension;
			productName = ContestLiveActivityWidgetExtension;
			productReference = E97245B52E1373CB00AE9379 /* ContestLiveActivityWidgetExtension.appex */;
			productType = "com.apple.product-type.app-extension";
		};
/* End PBXNativeTarget section */

/* Begin PBXProject section */
		E953DE402E115DA400CA247C /* Project object */ = {
			isa = PBXProject;
			attributes = {
				BuildIndependentTargetsInParallel = 1;
				LastSwiftUpdateCheck = 1520;
				LastUpgradeCheck = 1520;
				TargetAttributes = {
					E953DE472E115DA400CA247C = {
						CreatedOnToolsVersion = 15.2;
					};
					E97245B42E1373CB00AE9379 = {
						CreatedOnToolsVersion = 15.2;
					};
				};
			};
			buildConfigurationList = E953DE432E115DA400CA247C /* Build configuration list for PBXProject "krypticGrind" */;
			compatibilityVersion = "Xcode 15.0";
			developmentRegion = en;
			hasScannedForEncodings = 0;
			knownRegions = (
				en,
				Base,
			);
			mainGroup = E953DE3F2E115DA400CA247C;
			productRefGroup = E953DE492E115DA400CA247C /* Products */;
			projectDirPath = "";
			projectRoot = "";
			targets = (
				E953DE472E115DA400CA247C /* krypticGrind */,
				E97245B42E1373CB00AE9379 /* ContestLiveActivityWidgetExtension */,
			);
		};
/* End PBXProject section */

/* Begin PBXResourcesBuildPhase section */
		E953DE462E115DA400CA247C /* Resources */ = {
			isa = PBXResourcesBuildPhase;
			buildActionMask = 2147483647;
			files = (
				E953DE542E115DA900CA247C /* Preview Assets.xcassets in Resources */,
				E953DE502E115DA900CA247C /* Assets.xcassets in Resources */,
			);
			runOnlyForDeploymentPostprocessing = 0;
		};
		E97245B32E1373CB00AE9379 /* Resources */ = {
			isa = PBXResourcesBuildPhase;
			buildActionMask = 2147483647;
			files = (
				E97245C52E1373D000AE9379 /* Assets.xcassets in Resources */,
			);
			runOnlyForDeploymentPostprocessing = 0;
		};
/* End PBXResourcesBuildPhase section */

/* Begin PBXSourcesBuildPhase section */
		E953DE442E115DA400CA247C /* Sources */ = {
			isa = PBXSourcesBuildPhase;
			buildActionMask = 2147483647;
			files = (
				E953DE6C2E1160AD00CA247C /* PracticeTrackerView.swift in Sources */,
				E9BE03B12E13905B00FF868F /* LiveActivityAttributes.swift in Sources */,
				E9BE03B62E13BADF00FF868F /* ProblemNote.swift in Sources */,
				E953DE6D2E1160AD00CA247C /* HomeView.swift in Sources */,
				E93A8F5F2E1352DB00873483 /* AISuggestionsView.swift in Sources */,
				E937A1322E1203EF00E3FCB5 /* ThemeSelectorSheet.swift in Sources */,
				E953DE6E2E1160AD00CA247C /* SubmissionsView.swift in Sources */,
				E953DE4E2E115DA400CA247C /* ContentView.swift in Sources */,
				E953DE702E1160AD00CA247C /* CFService.swift in Sources */,
				E953DE732E1160AD00CA247C /* CFUser.swift in Sources */,
				E9BE03BA2E13BCDF00FF868F /* ReviewLaterView.swift in Sources */,
				E93A8F5C2E13474A00873483 /* GeminiService.swift in Sources */,
				E953DE6F2E1160AD00CA247C /* RatingChartView.swift in Sources */,
				E9BE03B52E13BADF00FF868F /* LeaderboardManager.swift in Sources */,
				E953DE692E1160AD00CA247C /* Extensions.swift in Sources */,
				E953DE712E1160AD00CA247C /* Submission.swift in Sources */,
				E97245AE2E135F6100AE9379 /* NotificationManager.swift in Sources */,
				E953DE722E1160AD00CA247C /* Contest.swift in Sources */,
				E93A8F602E1352DB00873483 /* AIProblemSuggestionCard.swift in Sources */,
				E9BE03B82E13BC1900FF868F /* LeaderboardView.swift in Sources */,
				E953DE6A2E1160AD00CA247C /* HandleInputSheet.swift in Sources */,
				E953DE4C2E115DA400CA247C /* krypticGrindApp.swift in Sources */,
				E953DE6B2E1160AD00CA247C /* ContestListView.swift in Sources */,
			);
			runOnlyForDeploymentPostprocessing = 0;
		};
		E97245B12E1373CB00AE9379 /* Sources */ = {
			isa = PBXSourcesBuildPhase;
			buildActionMask = 2147483647;
			files = (
				E97245BF2E1373CC00AE9379 /* ContestLiveActivityWidgetLiveActivity.swift in Sources */,
				E97245C32E1373CC00AE9379 /* AppIntent.swift in Sources */,
				E97245BD2E1373CB00AE9379 /* ContestLiveActivityWidgetBundle.swift in Sources */,
				E9BE03B22E13905C00FF868F /* LiveActivityAttributes.swift in Sources */,
			);
			runOnlyForDeploymentPostprocessing = 0;
		};
/* End PBXSourcesBuildPhase section */

/* Begin PBXTargetDependency section */
		E97245C82E1373D000AE9379 /* PBXTargetDependency */ = {
			isa = PBXTargetDependency;
			target = E97245B42E1373CB00AE9379 /* ContestLiveActivityWidgetExtension */;
			targetProxy = E97245C72E1373D000AE9379 /* PBXContainerItemProxy */;
		};
/* End PBXTargetDependency section */

/* Begin XCBuildConfiguration section */
		E953DE552E115DA900CA247C /* Debug */ = {
			isa = XCBuildConfiguration;
			buildSettings = {
				ALWAYS_SEARCH_USER_PATHS = NO;
				ASSETCATALOG_COMPILER_GENERATE_SWIFT_ASSET_SYMBOL_EXTENSIONS = YES;
				CLANG_ANALYZER_NONNULL = YES;
				CLANG_ANALYZER_NUMBER_OBJECT_CONVERSION = YES_AGGRESSIVE;
				CLANG_CXX_LANGUAGE_STANDARD = "gnu++20";
				CLANG_ENABLE_MODULES = YES;
				CLANG_ENABLE_OBJC_ARC = YES;
				CLANG_ENABLE_OBJC_WEAK = YES;
				CLANG_WARN_BLOCK_CAPTURE_AUTORELEASING = YES;
				CLANG_WARN_BOOL_CONVERSION = YES;
				CLANG_WARN_COMMA = YES;
				CLANG_WARN_CONSTANT_CONVERSION = YES;
				CLANG_WARN_DEPRECATED_OBJC_IMPLEMENTATIONS = YES;
				CLANG_WARN_DIRECT_OBJC_ISA_USAGE = YES_ERROR;
				CLANG_WARN_DOCUMENTATION_COMMENTS = YES;
				CLANG_WARN_EMPTY_BODY = YES;
				CLANG_WARN_ENUM_CONVERSION = YES;
				CLANG_WARN_INFINITE_RECURSION = YES;
				CLANG_WARN_INT_CONVERSION = YES;
				CLANG_WARN_NON_LITERAL_NULL_CONVERSION = YES;
				CLANG_WARN_OBJC_IMPLICIT_RETAIN_SELF = YES;
				CLANG_WARN_OBJC_LITERAL_CONVERSION = YES;
				CLANG_WARN_OBJC_ROOT_CLASS = YES_ERROR;
				CLANG_WARN_QUOTED_INCLUDE_IN_FRAMEWORK_HEADER = YES;
				CLANG_WARN_RANGE_LOOP_ANALYSIS = YES;
				CLANG_WARN_STRICT_PROTOTYPES = YES;
				CLANG_WARN_SUSPICIOUS_MOVE = YES;
				CLANG_WARN_UNGUARDED_AVAILABILITY = YES_AGGRESSIVE;
				CLANG_WARN_UNREACHABLE_CODE = YES;
				CLANG_WARN__DUPLICATE_METHOD_MATCH = YES;
				COPY_PHASE_STRIP = NO;
				DEBUG_INFORMATION_FORMAT = dwarf;
				ENABLE_STRICT_OBJC_MSGSEND = YES;
				ENABLE_TESTABILITY = YES;
				ENABLE_USER_SCRIPT_SANDBOXING = YES;
				GCC_C_LANGUAGE_STANDARD = gnu17;
				GCC_DYNAMIC_NO_PIC = NO;
				GCC_NO_COMMON_BLOCKS = YES;
				GCC_OPTIMIZATION_LEVEL = 0;
				GCC_PREPROCESSOR_DEFINITIONS = (
					"DEBUG=1",
					"$(inherited)",
				);
				GCC_WARN_64_TO_32_BIT_CONVERSION = YES;
				GCC_WARN_ABOUT_RETURN_TYPE = YES_ERROR;
				GCC_WARN_UNDECLARED_SELECTOR = YES;
				GCC_WARN_UNINITIALIZED_AUTOS = YES_AGGRESSIVE;
				GCC_WARN_UNUSED_FUNCTION = YES;
				GCC_WARN_UNUSED_VARIABLE = YES;
				LOCALIZATION_PREFERS_STRING_CATALOGS = YES;
				MTL_ENABLE_DEBUG_INFO = INCLUDE_SOURCE;
				MTL_FAST_MATH = YES;
				ONLY_ACTIVE_ARCH = YES;
				SWIFT_ACTIVE_COMPILATION_CONDITIONS = "DEBUG $(inherited)";
				SWIFT_OPTIMIZATION_LEVEL = "-Onone";
			};
			name = Debug;
		};
		E953DE562E115DA900CA247C /* Release */ = {
			isa = XCBuildConfiguration;
			buildSettings = {
				ALWAYS_SEARCH_USER_PATHS = NO;
				ASSETCATALOG_COMPILER_GENERATE_SWIFT_ASSET_SYMBOL_EXTENSIONS = YES;
				CLANG_ANALYZER_NONNULL = YES;
				CLANG_ANALYZER_NUMBER_OBJECT_CONVERSION = YES_AGGRESSIVE;
				CLANG_CXX_LANGUAGE_STANDARD = "gnu++20";
				CLANG_ENABLE_MODULES = YES;
				CLANG_ENABLE_OBJC_ARC = YES;
				CLANG_ENABLE_OBJC_WEAK = YES;
				CLANG_WARN_BLOCK_CAPTURE_AUTORELEASING = YES;
				CLANG_WARN_BOOL_CONVERSION = YES;
				CLANG_WARN_COMMA = YES;
				CLANG_WARN_CONSTANT_CONVERSION = YES;
				CLANG_WARN_DEPRECATED_OBJC_IMPLEMENTATIONS = YES;
				CLANG_WARN_DIRECT_OBJC_ISA_USAGE = YES_ERROR;
				CLANG_WARN_DOCUMENTATION_COMMENTS = YES;
				CLANG_WARN_EMPTY_BODY = YES;
				CLANG_WARN_ENUM_CONVERSION = YES;
				CLANG_WARN_INFINITE_RECURSION = YES;
				CLANG_WARN_INT_CONVERSION = YES;
				CLANG_WARN_NON_LITERAL_NULL_CONVERSION = YES;
				CLANG_WARN_OBJC_IMPLICIT_RETAIN_SELF = YES;
				CLANG_WARN_OBJC_LITERAL_CONVERSION = YES;
				CLANG_WARN_OBJC_ROOT_CLASS = YES_ERROR;
				CLANG_WARN_QUOTED_INCLUDE_IN_FRAMEWORK_HEADER = YES;
				CLANG_WARN_RANGE_LOOP_ANALYSIS = YES;
				CLANG_WARN_STRICT_PROTOTYPES = YES;
				CLANG_WARN_SUSPICIOUS_MOVE = YES;
				CLANG_WARN_UNGUARDED_AVAILABILITY = YES_AGGRESSIVE;
				CLANG_WARN_UNREACHABLE_CODE = YES;
				CLANG_WARN__DUPLICATE_METHOD_MATCH = YES;
				COPY_PHASE_STRIP = NO;
				DEBUG_INFORMATION_FORMAT = "dwarf-with-dsym";
				ENABLE_NS_ASSERTIONS = NO;
				ENABLE_STRICT_OBJC_MSGSEND = YES;
				ENABLE_USER_SCRIPT_SANDBOXING = YES;
				GCC_C_LANGUAGE_STANDARD = gnu17;
				GCC_NO_COMMON_BLOCKS = YES;
				GCC_WARN_64_TO_32_BIT_CONVERSION = YES;
				GCC_WARN_ABOUT_RETURN_TYPE = YES_ERROR;
				GCC_WARN_UNDECLARED_SELECTOR = YES;
				GCC_WARN_UNINITIALIZED_AUTOS = YES_AGGRESSIVE;
				GCC_WARN_UNUSED_FUNCTION = YES;
				GCC_WARN_UNUSED_VARIABLE = YES;
				LOCALIZATION_PREFERS_STRING_CATALOGS = YES;
				MTL_ENABLE_DEBUG_INFO = NO;
				MTL_FAST_MATH = YES;
				SWIFT_COMPILATION_MODE = wholemodule;
			};
			name = Release;
		};
		E953DE582E115DA900CA247C /* Debug */ = {
			isa = XCBuildConfiguration;
			buildSettings = {
				ALWAYS_EMBED_SWIFT_STANDARD_LIBRARIES = YES;
				ASSETCATALOG_COMPILER_APPICON_NAME = AppIcon;
				ASSETCATALOG_COMPILER_GLOBAL_ACCENT_COLOR_NAME = AccentColor;
				CODE_SIGN_ENTITLEMENTS = krypticGrind/krypticGrind.entitlements;
				CODE_SIGN_IDENTITY = "Apple Development";
				"CODE_SIGN_IDENTITY[sdk=macosx*]" = "Apple Development";
				CODE_SIGN_STYLE = Automatic;
				CURRENT_PROJECT_VERSION = 1;
				DEVELOPMENT_ASSET_PATHS = "\"krypticGrind/Preview Content\"";
				DEVELOPMENT_TEAM = U9SF34QD7R;
				ENABLE_HARDENED_RUNTIME = YES;
				ENABLE_PREVIEWS = YES;
				GENERATE_INFOPLIST_FILE = YES;
				INFOPLIST_FILE = krypticGrind/Info.plist;
				INFOPLIST_KEY_NSSupportsLiveActivities = YES;
				INFOPLIST_KEY_UIApplicationSceneManifest_Generation = YES;
				"INFOPLIST_KEY_UIApplicationSceneManifest_Generation[sdk=iphoneos*]" = YES;
				"INFOPLIST_KEY_UIApplicationSceneManifest_Generation[sdk=iphonesimulator*]" = YES;
				"INFOPLIST_KEY_UIApplicationSupportsIndirectInputEvents[sdk=iphoneos*]" = YES;
				"INFOPLIST_KEY_UIApplicationSupportsIndirectInputEvents[sdk=iphonesimulator*]" = YES;
				"INFOPLIST_KEY_UILaunchScreen_Generation[sdk=iphoneos*]" = YES;
				"INFOPLIST_KEY_UILaunchScreen_Generation[sdk=iphonesimulator*]" = YES;
				"INFOPLIST_KEY_UIStatusBarStyle[sdk=iphoneos*]" = UIStatusBarStyleDefault;
				"INFOPLIST_KEY_UIStatusBarStyle[sdk=iphonesimulator*]" = UIStatusBarStyleDefault;
				INFOPLIST_KEY_UISupportedInterfaceOrientations_iPad = "UIInterfaceOrientationPortrait UIInterfaceOrientationPortraitUpsideDown UIInterfaceOrientationLandscapeLeft UIInterfaceOrientationLandscapeRight";
				INFOPLIST_KEY_UISupportedInterfaceOrientations_iPhone = "UIInterfaceOrientationPortrait UIInterfaceOrientationLandscapeLeft UIInterfaceOrientationLandscapeRight";
				IPHONEOS_DEPLOYMENT_TARGET = 17.2;
				LD_RUNPATH_SEARCH_PATHS = "@executable_path/Frameworks";
				"LD_RUNPATH_SEARCH_PATHS[sdk=macosx*]" = "@executable_path/../Frameworks";
				MACOSX_DEPLOYMENT_TARGET = 13.6;
				MARKETING_VERSION = 1.0;
				PRODUCT_BUNDLE_IDENTIFIER = com.dhruvgohil.krypticGrind;
				"PRODUCT_BUNDLE_IDENTIFIER[sdk=iphoneos*]" = com.dhruvgohil.krypticGrind.ContestLiveActivityWidget;
				"PRODUCT_BUNDLE_IDENTIFIER[sdk=macosx*]" = com.dhruvgohil.krypticGrind.ContestLiveActivityWidget;
				PRODUCT_NAME = "$(TARGET_NAME)";
				PROVISIONING_PROFILE_SPECIFIER = "";
				SDKROOT = auto;
				SUPPORTED_PLATFORMS = "iphoneos iphonesimulator macosx";
				SWIFT_EMIT_LOC_STRINGS = YES;
				SWIFT_VERSION = 5.0;
				TARGETED_DEVICE_FAMILY = "1,2";
			};
			name = Debug;
		};
		E953DE592E115DA900CA247C /* Release */ = {
			isa = XCBuildConfiguration;
			buildSettings = {
				ALWAYS_EMBED_SWIFT_STANDARD_LIBRARIES = YES;
				ASSETCATALOG_COMPILER_APPICON_NAME = AppIcon;
				ASSETCATALOG_COMPILER_GLOBAL_ACCENT_COLOR_NAME = AccentColor;
				CODE_SIGN_ENTITLEMENTS = krypticGrind/krypticGrind.entitlements;
				CODE_SIGN_IDENTITY = "Apple Development";
				"CODE_SIGN_IDENTITY[sdk=macosx*]" = "Apple Development";
				CODE_SIGN_STYLE = Automatic;
				CURRENT_PROJECT_VERSION = 1;
				DEVELOPMENT_ASSET_PATHS = "\"krypticGrind/Preview Content\"";
				DEVELOPMENT_TEAM = U9SF34QD7R;
				ENABLE_HARDENED_RUNTIME = YES;
				ENABLE_PREVIEWS = YES;
				GENERATE_INFOPLIST_FILE = YES;
				INFOPLIST_FILE = krypticGrind/Info.plist;
				INFOPLIST_KEY_NSSupportsLiveActivities = YES;
				INFOPLIST_KEY_UIApplicationSceneManifest_Generation = YES;
				"INFOPLIST_KEY_UIApplicationSceneManifest_Generation[sdk=iphoneos*]" = YES;
				"INFOPLIST_KEY_UIApplicationSceneManifest_Generation[sdk=iphonesimulator*]" = YES;
				"INFOPLIST_KEY_UIApplicationSupportsIndirectInputEvents[sdk=iphoneos*]" = YES;
				"INFOPLIST_KEY_UIApplicationSupportsIndirectInputEvents[sdk=iphonesimulator*]" = YES;
				"INFOPLIST_KEY_UILaunchScreen_Generation[sdk=iphoneos*]" = YES;
				"INFOPLIST_KEY_UILaunchScreen_Generation[sdk=iphonesimulator*]" = YES;
				"INFOPLIST_KEY_UIStatusBarStyle[sdk=iphoneos*]" = UIStatusBarStyleDefault;
				"INFOPLIST_KEY_UIStatusBarStyle[sdk=iphonesimulator*]" = UIStatusBarStyleDefault;
				INFOPLIST_KEY_UISupportedInterfaceOrientations_iPad = "UIInterfaceOrientationPortrait UIInterfaceOrientationPortraitUpsideDown UIInterfaceOrientationLandscapeLeft UIInterfaceOrientationLandscapeRight";
				INFOPLIST_KEY_UISupportedInterfaceOrientations_iPhone = "UIInterfaceOrientationPortrait UIInterfaceOrientationLandscapeLeft UIInterfaceOrientationLandscapeRight";
				IPHONEOS_DEPLOYMENT_TARGET = 17.2;
				LD_RUNPATH_SEARCH_PATHS = "@executable_path/Frameworks";
				"LD_RUNPATH_SEARCH_PATHS[sdk=macosx*]" = "@executable_path/../Frameworks";
				MACOSX_DEPLOYMENT_TARGET = 13.6;
				MARKETING_VERSION = 1.0;
				PRODUCT_BUNDLE_IDENTIFIER = com.dhruvgohil.krypticGrind;
				"PRODUCT_BUNDLE_IDENTIFIER[sdk=iphoneos*]" = com.dhruvgohil.krypticGrind.ContestLiveActivityWidget;
				"PRODUCT_BUNDLE_IDENTIFIER[sdk=macosx*]" = com.dhruvgohil.krypticGrind.ContestLiveActivityWidget;
				PRODUCT_NAME = "$(TARGET_NAME)";
				PROVISIONING_PROFILE_SPECIFIER = "";
				SDKROOT = auto;
				SUPPORTED_PLATFORMS = "iphoneos iphonesimulator macosx";
				SWIFT_EMIT_LOC_STRINGS = YES;
				SWIFT_VERSION = 5.0;
				TARGETED_DEVICE_FAMILY = "1,2";
			};
			name = Release;
		};
		E97245CB2E1373D000AE9379 /* Debug */ = {
			isa = XCBuildConfiguration;
			buildSettings = {
				ASSETCATALOG_COMPILER_GLOBAL_ACCENT_COLOR_NAME = AccentColor;
				ASSETCATALOG_COMPILER_WIDGET_BACKGROUND_COLOR_NAME = WidgetBackground;
				CODE_SIGN_IDENTITY = "Apple Development";
				CODE_SIGN_STYLE = Automatic;
				CURRENT_PROJECT_VERSION = 1;
				DEVELOPMENT_TEAM = U9SF34QD7R;
				GENERATE_INFOPLIST_FILE = YES;
				INFOPLIST_FILE = ContestLiveActivityWidget/Info.plist;
				INFOPLIST_KEY_CFBundleDisplayName = ContestLiveActivityWidget;
				INFOPLIST_KEY_NSHumanReadableCopyright = "";
				INFOPLIST_KEY_NSSupportsLiveActivities = YES;
				IPHONEOS_DEPLOYMENT_TARGET = 17.2;
				LD_RUNPATH_SEARCH_PATHS = (
					"$(inherited)",
					"@executable_path/Frameworks",
					"@executable_path/../../Frameworks",
				);
				MARKETING_VERSION = 1.0;
				PRODUCT_BUNDLE_IDENTIFIER = com.dhruvgohil.krypticGrind.ContestLiveActivityWidget;
				PRODUCT_NAME = "$(TARGET_NAME)";
				PROVISIONING_PROFILE_SPECIFIER = "";
				SDKROOT = iphoneos;
				SKIP_INSTALL = YES;
				SWIFT_EMIT_LOC_STRINGS = YES;
				SWIFT_VERSION = 5.0;
				TARGETED_DEVICE_FAMILY = "1,2";
			};
			name = Debug;
		};
		E97245CC2E1373D000AE9379 /* Release */ = {
			isa = XCBuildConfiguration;
			buildSettings = {
				ASSETCATALOG_COMPILER_GLOBAL_ACCENT_COLOR_NAME = AccentColor;
				ASSETCATALOG_COMPILER_WIDGET_BACKGROUND_COLOR_NAME = WidgetBackground;
				CODE_SIGN_IDENTITY = "Apple Development";
				CODE_SIGN_STYLE = Automatic;
				CURRENT_PROJECT_VERSION = 1;
				DEVELOPMENT_TEAM = U9SF34QD7R;
				GENERATE_INFOPLIST_FILE = YES;
				INFOPLIST_FILE = ContestLiveActivityWidget/Info.plist;
				INFOPLIST_KEY_CFBundleDisplayName = ContestLiveActivityWidget;
				INFOPLIST_KEY_NSHumanReadableCopyright = "";
				INFOPLIST_KEY_NSSupportsLiveActivities = YES;
				IPHONEOS_DEPLOYMENT_TARGET = 17.2;
				LD_RUNPATH_SEARCH_PATHS = (
					"$(inherited)",
					"@executable_path/Frameworks",
					"@executable_path/../../Frameworks",
				);
				MARKETING_VERSION = 1.0;
				PRODUCT_BUNDLE_IDENTIFIER = com.dhruvgohil.krypticGrind.ContestLiveActivityWidget;
				PRODUCT_NAME = "$(TARGET_NAME)";
				PROVISIONING_PROFILE_SPECIFIER = "";
				SDKROOT = iphoneos;
				SKIP_INSTALL = YES;
				SWIFT_EMIT_LOC_STRINGS = YES;
				SWIFT_VERSION = 5.0;
				TARGETED_DEVICE_FAMILY = "1,2";
				VALIDATE_PRODUCT = YES;
			};
			name = Release;
		};
/* End XCBuildConfiguration section */

/* Begin XCConfigurationList section */
		E953DE432E115DA400CA247C /* Build configuration list for PBXProject "krypticGrind" */ = {
			isa = XCConfigurationList;
			buildConfigurations = (
				E953DE552E115DA900CA247C /* Debug */,
				E953DE562E115DA900CA247C /* Release */,
			);
			defaultConfigurationIsVisible = 0;
			defaultConfigurationName = Release;
		};
		E953DE572E115DA900CA247C /* Build configuration list for PBXNativeTarget "krypticGrind" */ = {
			isa = XCConfigurationList;
			buildConfigurations = (
				E953DE582E115DA900CA247C /* Debug */,
				E953DE592E115DA900CA247C /* Release */,
			);
			defaultConfigurationIsVisible = 0;
			defaultConfigurationName = Release;
		};
		E97245CA2E1373D000AE9379 /* Build configuration list for PBXNativeTarget "ContestLiveActivityWidgetExtension" */ = {
			isa = XCConfigurationList;
			buildConfigurations = (
				E97245CB2E1373D000AE9379 /* Debug */,
				E97245CC2E1373D000AE9379 /* Release */,
			);
			defaultConfigurationIsVisible = 0;
			defaultConfigurationName = Release;
		};
/* End XCConfigurationList section */
	};
	rootObject = E953DE402E115DA400CA247C /* Project object */;
}
